{
  "name": "beam",
  "version": "1.0.0",
  "lockfileVersion": 3,
  "requires": true,
  "packages": {
    "": {
      "name": "beam",
      "version": "1.0.0",
      "license": "ISC",
      "dependencies": {
        "countup.js": "^2.8.0",
        "foundation-sites": "^6.8.1",
        "plyr": "^3.7.8",
        "swiper": "^11.1.4"
      }
    },
    "node_modules/core-js": {
      "version": "3.37.1",
      "resolved": "https://registry.npmjs.org/core-js/-/core-js-3.37.1.tgz",
      "integrity": "sha512-Xn6qmxrQZyB0FFY8E3bgRXei3lWDJHhvI+u0q9TKIYM49G8pAr0FgnnrFRAmsbptZL1yxRADVXn+x5AGsbBfyw==",
      "hasInstallScript": true,
      "funding": {
        "type": "opencollective",
        "url": "https://opencollective.com/core-js"
      }
    },
    "node_modules/countup.js": {
      "version": "2.8.0",
      "resolved": "https://registry.npmjs.org/countup.js/-/countup.js-2.8.0.tgz",
      "integrity": "sha512-f7xEhX0awl4NOElHulrl4XRfKoNH3rB+qfNSZZyjSZhaAoUk6elvhH+MNxMmlmuUJ2/QNTWPSA7U4mNtIAKljQ=="
    },
    "node_modules/custom-event-polyfill": {
      "version": "1.0.7",
      "resolved": "https://registry.npmjs.org/custom-event-polyfill/-/custom-event-polyfill-1.0.7.tgz",
      "integrity": "sha512-TDDkd5DkaZxZFM8p+1I3yAlvM3rSr1wbrOliG4yJiwinMZN8z/iGL7BTlDkrJcYTmgUSb4ywVCc3ZaUtOtC76w=="
    },
    "node_modules/foundation-sites": {
      "version": "6.8.1",
      "resolved": "https://registry.npmjs.org/foundation-sites/-/foundation-sites-6.8.1.tgz",
      "integrity": "sha512-9JAuLqVgzf7EIRUqVKeYN68dU/SGe0aNJPgnejdfJKSWnBFdQLF3Zvy9WEQ1gE/gnyvwG3Ia3LkkEd9774n0bQ==",
      "engines": {
        "node": ">=16.0"
      },
      "peerDependencies": {
        "jquery": ">=3.6.0",
        "motion-ui": "latest",
        "what-input": ">=5.2.10"
      }
    },
    "node_modules/jquery": {
      "version": "3.7.1",
      "resolved": "https://registry.npmjs.org/jquery/-/jquery-3.7.1.tgz",
      "integrity": "sha512-m4avr8yL8kmFN8psrbFFFmB/If14iN5o9nw/NgnnM+kybDJpRsAynV2BsfpTYrTRysYUdADVD7CkUUizgkpLfg==",
      "peer": true
    },
    "node_modules/loadjs": {
      "version": "4.3.0",
      "resolved": "https://registry.npmjs.org/loadjs/-/loadjs-4.3.0.tgz",
      "integrity": "sha512-vNX4ZZLJBeDEOBvdr2v/F+0aN5oMuPu7JTqrMwp+DtgK+AryOlpy6Xtm2/HpNr+azEa828oQjOtWsB6iDtSfSQ=="
    },
    "node_modules/motion-ui": {
      "version": "2.0.5",
      "resolved": "https://registry.npmjs.org/motion-ui/-/motion-ui-2.0.5.tgz",
      "integrity": "sha512-MJs4dS7/bSnJ92X5IB4bTIif6SwqwEDbX1F/eiUGSzIVhVTl4UqD8xr8ygg01dXZrpPrDjjUNoVkB8vT+PaY/g==",
      "peer": true,
      "peerDependencies": {
        "jquery": ">=3.6.0"
      }
    },
    "node_modules/plyr": {
      "version": "3.7.8",
      "resolved": "https://registry.npmjs.org/plyr/-/plyr-3.7.8.tgz",
      "integrity": "sha512-yG/EHDobwbB/uP+4Bm6eUpJ93f8xxHjjk2dYcD1Oqpe1EcuQl5tzzw9Oq+uVAzd2lkM11qZfydSiyIpiB8pgdA==",
      "dependencies": {
        "core-js": "^3.26.1",
        "custom-event-polyfill": "^1.0.7",
        "loadjs": "^4.2.0",
        "rangetouch": "^2.0.1",
        "url-polyfill": "^1.1.12"
      }
    },
    "node_modules/rangetouch": {
      "version": "2.0.1",
      "resolved": "https://registry.npmjs.org/rangetouch/-/rangetouch-2.0.1.tgz",
      "integrity": "sha512-sln+pNSc8NGaHoLzwNBssFSf/rSYkqeBXzX1AtJlkJiUaVSJSbRAWJk+4omsXkN+EJalzkZhWQ3th1m0FpR5xA=="
    },
    "node_modules/swiper": {
      "version": "11.1.4",
      "resolved": "https://registry.npmjs.org/swiper/-/swiper-11.1.4.tgz",
      "integrity": "sha512-1n7kbYJB2dFEpUHRFszq7gys/ofIBrMNibwTiMvPHwneKND/t9kImnHt6CfGPScMHgI+dWMbGTycCKGMoOO1KA==",
      "funding": [
        {
          "type": "patreon",
          "url": "https://www.patreon.com/swiperjs"
        },
        {
          "type": "open_collective",
          "url": "http://opencollective.com/swiper"
        }
      ],
      "engines": {
        "node": ">= 4.7.0"
      }
    },
    "node_modules/url-polyfill": {
      "version": "1.1.12",
      "resolved": "https://registry.npmjs.org/url-polyfill/-/url-polyfill-1.1.12.tgz",
      "integrity": "sha512-mYFmBHCapZjtcNHW0MDq9967t+z4Dmg5CJ0KqysK3+ZbyoNOWQHksGCTWwDhxGXllkWlOc10Xfko6v4a3ucM6A=="
    },
    "node_modules/what-input": {
      "version": "5.2.12",
      "resolved": "https://registry.npmjs.org/what-input/-/what-input-5.2.12.tgz",
      "integrity": "sha512-3yrSa7nGSXGJS6wZeSkO6VNm95pB1mZ9i3wFzC1hhY7mn4/afue/MvXz04OXNdBC8bfo4AB4RRd3Dem9jXM58Q==",
      "peer": true
    }
  }
}
